{
  "name": "swctojson",
  "version": "1.0.0",
  "lockfileVersion": 1,
  "requires": true,
  "dependencies": {
    "morphologycorejs": {
      "version": "0.1.10",
      "resolved": "https://registry.npmjs.org/morphologycorejs/-/morphologycorejs-0.1.10.tgz",
      "integrity": "sha512-0ITVXg69s3xJXmVh7BisHutwmp514NG/aztBphndTwLQusaul3aGeuO3am1tHvUA/CkRW1UawNSBVqFatFHUKQ=="
    },
    "swcmorphologyparser": {
      "version": "0.1.4",
      "resolved": "https://registry.npmjs.org/swcmorphologyparser/-/swcmorphologyparser-0.1.4.tgz",
      "integrity": "sha512-20aMhHNJZ4FyKLxf2np9F4tqcukdRPcPi954pJQrAUt8lsvHzj/mw/BQX+xZQKXjghcu7bQmIk9GjJtgxj6OMQ==",
      "requires": {
        "morphologycorejs": "0.1.10"
      }
    }
  }
}
